// !$*UTF8*$!
{
	archiveVersion = 1;
	classes = {
	};
	objectVersion = 77;
	objects = {

/* Begin PBXContainerItemProxy section */
		CF97A1332D80FFD60085FB59 /* PBXContainerItemProxy */ = {
			isa = PBXContainerItemProxy;
			containerPortal = CF97A11A2D80FFD50085FB59 /* Project object */;
			proxyType = 1;
			remoteGlobalIDString = CF97A1212D80FFD50085FB59;
			remoteInfo = "Fetch-Recipe";
		};
		CF97A13D2D80FFD60085FB59 /* PBXContainerItemProxy */ = {
			isa = PBXContainerItemProxy;
			containerPortal = CF97A11A2D80FFD50085FB59 /* Project object */;
			proxyType = 1;
			remoteGlobalIDString = CF97A1212D80FFD50085FB59;
			remoteInfo = "Fetch-Recipe";
		};
/* End PBXContainerItemProxy section */

/* Begin PBXFileReference section */
		CF97A1222D80FFD50085FB59 /* Fetch-Recipe.app */ = {isa = PBXFileReference; explicitFileType = wrapper.application; includeInIndex = 0; path = "Fetch-Recipe.app"; sourceTree = BUILT_PRODUCTS_DIR; };
		CF97A1322D80FFD60085FB59 /* Fetch-RecipeTests.xctest */ = {isa = PBXFileReference; explicitFileType = wrapper.cfbundle; includeInIndex = 0; path = "Fetch-RecipeTests.xctest"; sourceTree = BUILT_PRODUCTS_DIR; };
		CF97A13C2D80FFD60085FB59 /* Fetch-RecipeUITests.xctest */ = {isa = PBXFileReference; explicitFileType = wrapper.cfbundle; includeInIndex = 0; path = "Fetch-RecipeUITests.xctest"; sourceTree = BUILT_PRODUCTS_DIR; };
/* End PBXFileReference section */

/* Begin PBXFileSystemSynchronizedBuildFileExceptionSet section */
		CF97A1DE2D8105A00085FB59 /* Exceptions for "Fetch-Recipe" folder in "Fetch-Recipe" target */ = {
			isa = PBXFileSystemSynchronizedBuildFileExceptionSet;
			membershipExceptions = (
				Info.plist,
			);
			target = CF97A1212D80FFD50085FB59 /* Fetch-Recipe */;
		};
/* End PBXFileSystemSynchronizedBuildFileExceptionSet section */

/* Begin PBXFileSystemSynchronizedRootGroup section */
		CF97A1242D80FFD50085FB59 /* Fetch-Recipe */ = {
			isa = PBXFileSystemSynchronizedRootGroup;
			exceptions = (
				CF97A1DE2D8105A00085FB59 /* Exceptions for "Fetch-Recipe" folder in "Fetch-Recipe" target */,
			);
			path = "Fetch-Recipe";
			sourceTree = "<group>";
		};
		CF97A1352D80FFD60085FB59 /* Fetch-RecipeTests */ = {
			isa = PBXFileSystemSynchronizedRootGroup;
			path = "Fetch-RecipeTests";
			sourceTree = "<group>";
		};
		CF97A13F2D80FFD60085FB59 /* Fetch-RecipeUITests */ = {
			isa = PBXFileSystemSynchronizedRootGroup;
			path = "Fetch-RecipeUITests";
			sourceTree = "<group>";
		};
/* End PBXFileSystemSynchronizedRootGroup section */

/* Begin PBXFrameworksBuildPhase section */
		CF97A11F2D80FFD50085FB59 /* Frameworks */ = {
			isa = PBXFrameworksBuildPhase;
			buildActionMask = 2147483647;
			files = (
			);
			runOnlyForDeploymentPostprocessing = 0;
		};
		CF97A12F2D80FFD60085FB59 /* Frameworks */ = {
			isa = PBXFrameworksBuildPhase;
			buildActionMask = 2147483647;
			files = (
			);
			runOnlyForDeploymentPostprocessing = 0;
		};
		CF97A1392D80FFD60085FB59 /* Frameworks */ = {
			isa = PBXFrameworksBuildPhase;
			buildActionMask = 2147483647;
			files = (
			);
			runOnlyForDeploymentPostprocessing = 0;
		};
/* End PBXFrameworksBuildPhase section */

/* Begin PBXGroup section */
		CF97A1192D80FFD50085FB59 = {
			isa = PBXGroup;
			children = (
				CF97A1242D80FFD50085FB59 /* Fetch-Recipe */,
				CF97A1352D80FFD60085FB59 /* Fetch-RecipeTests */,
				CF97A13F2D80FFD60085FB59 /* Fetch-RecipeUITests */,
				CF97A1232D80FFD50085FB59 /* Products */,
			);
			sourceTree = "<group>";
		};
		CF97A1232D80FFD50085FB59 /* Products */ = {
			isa = PBXGroup;
			children = (
				CF97A1222D80FFD50085FB59 /* Fetch-Recipe.app */,
				CF97A1322D80FFD60085FB59 /* Fetch-RecipeTests.xctest */,
				CF97A13C2D80FFD60085FB59 /* Fetch-RecipeUITests.xctest */,
			);
			name = Products;
			sourceTree = "<group>";
		};
/* End PBXGroup section */

/* Begin PBXNativeTarget section */
		CF97A1212D80FFD50085FB59 /* Fetch-Recipe */ = {
			isa = PBXNativeTarget;
			buildConfigurationList = CF97A1462D80FFD60085FB59 /* Build configuration list for PBXNativeTarget "Fetch-Recipe" */;
			buildPhases = (
				CF97A11E2D80FFD50085FB59 /* Sources */,
				CF97A11F2D80FFD50085FB59 /* Frameworks */,
				CF97A1202D80FFD50085FB59 /* Resources */,
			);
			buildRules = (
			);
			dependencies = (
			);
			fileSystemSynchronizedGroups = (
				CF97A1242D80FFD50085FB59 /* Fetch-Recipe */,
			);
			name = "Fetch-Recipe";
			packageProductDependencies = (
			);
			productName = "Fetch-Recipe";
			productReference = CF97A1222D80FFD50085FB59 /* Fetch-Recipe.app */;
			productType = "com.apple.product-type.application";
		};
		CF97A1312D80FFD60085FB59 /* Fetch-RecipeTests */ = {
			isa = PBXNativeTarget;
			buildConfigurationList = CF97A1492D80FFD60085FB59 /* Build configuration list for PBXNativeTarget "Fetch-RecipeTests" */;
			buildPhases = (
				CF97A12E2D80FFD60085FB59 /* Sources */,
				CF97A12F2D80FFD60085FB59 /* Frameworks */,
				CF97A1302D80FFD60085FB59 /* Resources */,
			);
			buildRules = (
			);
			dependencies = (
				CF97A1342D80FFD60085FB59 /* PBXTargetDependency */,
			);
			fileSystemSynchronizedGroups = (
				CF97A1352D80FFD60085FB59 /* Fetch-RecipeTests */,
			);
			name = "Fetch-RecipeTests";
			packageProductDependencies = (
			);
			productName = "Fetch-RecipeTests";
			productReference = CF97A1322D80FFD60085FB59 /* Fetch-RecipeTests.xctest */;
			productType = "com.apple.product-type.bundle.unit-test";
		};
		CF97A13B2D80FFD60085FB59 /* Fetch-RecipeUITests */ = {
			isa = PBXNativeTarget;
			buildConfigurationList = CF97A14C2D80FFD60085FB59 /* Build configuration list for PBXNativeTarget "Fetch-RecipeUITests" */;
			buildPhases = (
				CF97A1382D80FFD60085FB59 /* Sources */,
				CF97A1392D80FFD60085FB59 /* Frameworks */,
				CF97A13A2D80FFD60085FB59 /* Resources */,
			);
			buildRules = (
			);
			dependencies = (
				CF97A13E2D80FFD60085FB59 /* PBXTargetDependency */,
			);
			fileSystemSynchronizedGroups = (
				CF97A13F2D80FFD60085FB59 /* Fetch-RecipeUITests */,
			);
			name = "Fetch-RecipeUITests";
			packageProductDependencies = (
			);
			productName = "Fetch-RecipeUITests";
			productReference = CF97A13C2D80FFD60085FB59 /* Fetch-RecipeUITests.xctest */;
			productType = "com.apple.product-type.bundle.ui-testing";
		};
/* End PBXNativeTarget section */

/* Begin PBXProject section */
		CF97A11A2D80FFD50085FB59 /* Project object */ = {
			isa = PBXProject;
			attributes = {
				BuildIndependentTargetsInParallel = 1;
				LastSwiftUpdateCheck = 1600;
				LastUpgradeCheck = 1600;
				TargetAttributes = {
					CF97A1212D80FFD50085FB59 = {
						CreatedOnToolsVersion = 16.0;
					};
					CF97A1312D80FFD60085FB59 = {
						CreatedOnToolsVersion = 16.0;
						TestTargetID = CF97A1212D80FFD50085FB59;
					};
					CF97A13B2D80FFD60085FB59 = {
						CreatedOnToolsVersion = 16.0;
						TestTargetID = CF97A1212D80FFD50085FB59;
					};
				};
			};
			buildConfigurationList = CF97A11D2D80FFD50085FB59 /* Build configuration list for PBXProject "Fetch-Recipe" */;
			developmentRegion = en;
			hasScannedForEncodings = 0;
			knownRegions = (
				en,
				Base,
			);
			mainGroup = CF97A1192D80FFD50085FB59;
			minimizedProjectReferenceProxies = 1;
			preferredProjectObjectVersion = 77;
			productRefGroup = CF97A1232D80FFD50085FB59 /* Products */;
			projectDirPath = "";
			projectRoot = "";
			targets = (
				CF97A1212D80FFD50085FB59 /* Fetch-Recipe */,
				CF97A1312D80FFD60085FB59 /* Fetch-RecipeTests */,
				CF97A13B2D80FFD60085FB59 /* Fetch-RecipeUITests */,
			);
		};
/* End PBXProject section */

/* Begin PBXResourcesBuildPhase section */
		CF97A1202D80FFD50085FB59 /* Resources */ = {
			isa = PBXResourcesBuildPhase;
			buildActionMask = 2147483647;
			files = (
			);
			runOnlyForDeploymentPostprocessing = 0;
		};
		CF97A1302D80FFD60085FB59 /* Resources */ = {
			isa = PBXResourcesBuildPhase;
			buildActionMask = 2147483647;
			files = (
			);
			runOnlyForDeploymentPostprocessing = 0;
		};
		CF97A13A2D80FFD60085FB59 /* Resources */ = {
			isa = PBXResourcesBuildPhase;
			buildActionMask = 2147483647;
			files = (
			);
			runOnlyForDeploymentPostprocessing = 0;
		};
/* End PBXResourcesBuildPhase section */

/* Begin PBXSourcesBuildPhase section */
		CF97A11E2D80FFD50085FB59 /* Sources */ = {
			isa = PBXSourcesBuildPhase;
			buildActionMask = 2147483647;
			files = (
			);
			runOnlyForDeploymentPostprocessing = 0;
		};
		CF97A12E2D80FFD60085FB59 /* Sources */ = {
			isa = PBXSourcesBuildPhase;
			buildActionMask = 2147483647;
			files = (
			);
			runOnlyForDeploymentPostprocessing = 0;
		};
		CF97A1382D80FFD60085FB59 /* Sources */ = {
			isa = PBXSourcesBuildPhase;
			buildActionMask = 2147483647;
			files = (
			);
			runOnlyForDeploymentPostprocessing = 0;
		};
/* End PBXSourcesBuildPhase section */

/* Begin PBXTargetDependency section */
		CF97A1342D80FFD60085FB59 /* PBXTargetDependency */ = {
			isa = PBXTargetDependency;
			target = CF97A1212D80FFD50085FB59 /* Fetch-Recipe */;
			targetProxy = CF97A1332D80FFD60085FB59 /* PBXContainerItemProxy */;
		};
		CF97A13E2D80FFD60085FB59 /* PBXTargetDependency */ = {
			isa = PBXTargetDependency;
			target = CF97A1212D80FFD50085FB59 /* Fetch-Recipe */;
			targetProxy = CF97A13D2D80FFD60085FB59 /* PBXContainerItemProxy */;
		};
/* End PBXTargetDependency section */

/* Begin XCBuildConfiguration section */
		CF97A1442D80FFD60085FB59 /* Debug */ = {
			isa = XCBuildConfiguration;
			buildSettings = {
				ALWAYS_SEARCH_USER_PATHS = NO;
				ASSETCATALOG_COMPILER_GENERATE_SWIFT_ASSET_SYMBOL_EXTENSIONS = YES;
				CLANG_ANALYZER_NONNULL = YES;
				CLANG_ANALYZER_NUMBER_OBJECT_CONVERSION = YES_AGGRESSIVE;
				CLANG_CXX_LANGUAGE_STANDARD = "gnu++20";
				CLANG_ENABLE_MODULES = YES;
				CLANG_ENABLE_OBJC_ARC = YES;
				CLANG_ENABLE_OBJC_WEAK = YES;
				CLANG_WARN_BLOCK_CAPTURE_AUTORELEASING = YES;
				CLANG_WARN_BOOL_CONVERSION = YES;
				CLANG_WARN_COMMA = YES;
				CLANG_WARN_CONSTANT_CONVERSION = YES;
				CLANG_WARN_DEPRECATED_OBJC_IMPLEMENTATIONS = YES;
				CLANG_WARN_DIRECT_OBJC_ISA_USAGE = YES_ERROR;
				CLANG_WARN_DOCUMENTATION_COMMENTS = YES;
				CLANG_WARN_EMPTY_BODY = YES;
				CLANG_WARN_ENUM_CONVERSION = YES;
				CLANG_WARN_INFINITE_RECURSION = YES;
				CLANG_WARN_INT_CONVERSION = YES;
				CLANG_WARN_NON_LITERAL_NULL_CONVERSION = YES;
				CLANG_WARN_OBJC_IMPLICIT_RETAIN_SELF = YES;
				CLANG_WARN_OBJC_LITERAL_CONVERSION = YES;
				CLANG_WARN_OBJC_ROOT_CLASS = YES_ERROR;
				CLANG_WARN_QUOTED_INCLUDE_IN_FRAMEWORK_HEADER = YES;
				CLANG_WARN_RANGE_LOOP_ANALYSIS = YES;
				CLANG_WARN_STRICT_PROTOTYPES = YES;
				CLANG_WARN_SUSPICIOUS_MOVE = YES;
				CLANG_WARN_UNGUARDED_AVAILABILITY = YES_AGGRESSIVE;
				CLANG_WARN_UNREACHABLE_CODE = YES;
				CLANG_WARN__DUPLICATE_METHOD_MATCH = YES;
				COPY_PHASE_STRIP = NO;
				DEBUG_INFORMATION_FORMAT = dwarf;
				ENABLE_STRICT_OBJC_MSGSEND = YES;
				ENABLE_TESTABILITY = YES;
				ENABLE_USER_SCRIPT_SANDBOXING = YES;
				GCC_C_LANGUAGE_STANDARD = gnu17;
				GCC_DYNAMIC_NO_PIC = NO;
				GCC_NO_COMMON_BLOCKS = YES;
				GCC_OPTIMIZATION_LEVEL = 0;
				GCC_PREPROCESSOR_DEFINITIONS = (
					"DEBUG=1",
					"$(inherited)",
				);
				GCC_WARN_64_TO_32_BIT_CONVERSION = YES;
				GCC_WARN_ABOUT_RETURN_TYPE = YES_ERROR;
				GCC_WARN_UNDECLARED_SELECTOR = YES;
				GCC_WARN_UNINITIALIZED_AUTOS = YES_AGGRESSIVE;
				GCC_WARN_UNUSED_FUNCTION = YES;
				GCC_WARN_UNUSED_VARIABLE = YES;
				IPHONEOS_DEPLOYMENT_TARGET = 18.0;
				LOCALIZATION_PREFERS_STRING_CATALOGS = YES;
				MTL_ENABLE_DEBUG_INFO = INCLUDE_SOURCE;
				MTL_FAST_MATH = YES;
				ONLY_ACTIVE_ARCH = YES;
				SDKROOT = iphoneos;
				SWIFT_ACTIVE_COMPILATION_CONDITIONS = "DEBUG $(inherited)";
				SWIFT_OPTIMIZATION_LEVEL = "-Onone";
			};
			name = Debug;
		};
		CF97A1452D80FFD60085FB59 /* Release */ = {
			isa = XCBuildConfiguration;
			buildSettings = {
				ALWAYS_SEARCH_USER_PATHS = NO;
				ASSETCATALOG_COMPILER_GENERATE_SWIFT_ASSET_SYMBOL_EXTENSIONS = YES;
				CLANG_ANALYZER_NONNULL = YES;
				CLANG_ANALYZER_NUMBER_OBJECT_CONVERSION = YES_AGGRESSIVE;
				CLANG_CXX_LANGUAGE_STANDARD = "gnu++20";
				CLANG_ENABLE_MODULES = YES;
				CLANG_ENABLE_OBJC_ARC = YES;
				CLANG_ENABLE_OBJC_WEAK = YES;
				CLANG_WARN_BLOCK_CAPTURE_AUTORELEASING = YES;
				CLANG_WARN_BOOL_CONVERSION = YES;
				CLANG_WARN_COMMA = YES;
				CLANG_WARN_CONSTANT_CONVERSION = YES;
				CLANG_WARN_DEPRECATED_OBJC_IMPLEMENTATIONS = YES;
				CLANG_WARN_DIRECT_OBJC_ISA_USAGE = YES_ERROR;
				CLANG_WARN_DOCUMENTATION_COMMENTS = YES;
				CLANG_WARN_EMPTY_BODY = YES;
				CLANG_WARN_ENUM_CONVERSION = YES;
				CLANG_WARN_INFINITE_RECURSION = YES;
				CLANG_WARN_INT_CONVERSION = YES;
				CLANG_WARN_NON_LITERAL_NULL_CONVERSION = YES;
				CLANG_WARN_OBJC_IMPLICIT_RETAIN_SELF = YES;
				CLANG_WARN_OBJC_LITERAL_CONVERSION = YES;
				CLANG_WARN_OBJC_ROOT_CLASS = YES_ERROR;
				CLANG_WARN_QUOTED_INCLUDE_IN_FRAMEWORK_HEADER = YES;
				CLANG_WARN_RANGE_LOOP_ANALYSIS = YES;
				CLANG_WARN_STRICT_PROTOTYPES = YES;
				CLANG_WARN_SUSPICIOUS_MOVE = YES;
				CLANG_WARN_UNGUARDED_AVAILABILITY = YES_AGGRESSIVE;
				CLANG_WARN_UNREACHABLE_CODE = YES;
				CLANG_WARN__DUPLICATE_METHOD_MATCH = YES;
				COPY_PHASE_STRIP = NO;
				DEBUG_INFORMATION_FORMAT = "dwarf-with-dsym";
				ENABLE_NS_ASSERTIONS = NO;
				ENABLE_STRICT_OBJC_MSGSEND = YES;
				ENABLE_USER_SCRIPT_SANDBOXING = YES;
				GCC_C_LANGUAGE_STANDARD = gnu17;
				GCC_NO_COMMON_BLOCKS = YES;
				GCC_WARN_64_TO_32_BIT_CONVERSION = YES;
				GCC_WARN_ABOUT_RETURN_TYPE = YES_ERROR;
				GCC_WARN_UNDECLARED_SELECTOR = YES;
				GCC_WARN_UNINITIALIZED_AUTOS = YES_AGGRESSIVE;
				GCC_WARN_UNUSED_FUNCTION = YES;
				GCC_WARN_UNUSED_VARIABLE = YES;
				IPHONEOS_DEPLOYMENT_TARGET = 18.0;
				LOCALIZATION_PREFERS_STRING_CATALOGS = YES;
				MTL_ENABLE_DEBUG_INFO = NO;
				MTL_FAST_MATH = YES;
				SDKROOT = iphoneos;
				SWIFT_COMPILATION_MODE = wholemodule;
				VALIDATE_PRODUCT = YES;
			};
			name = Release;
		};
		CF97A1472D80FFD60085FB59 /* Debug */ = {
			isa = XCBuildConfiguration;
			buildSettings = {
				ASSETCATALOG_COMPILER_APPICON_NAME = AppIcon;
				ASSETCATALOG_COMPILER_GLOBAL_ACCENT_COLOR_NAME = AccentColor;
				CODE_SIGN_STYLE = Automatic;
				CURRENT_PROJECT_VERSION = 1;
				DEVELOPMENT_ASSET_PATHS = "\"Fetch-Recipe/Preview Content\"";
				DEVELOPMENT_TEAM = 626UL8K6Z5;
				ENABLE_PREVIEWS = YES;
				GENERATE_INFOPLIST_FILE = YES;
				INFOPLIST_FILE = "Fetch-Recipe/Info.plist";
				INFOPLIST_KEY_UIApplicationSceneManifest_Generation = YES;
				INFOPLIST_KEY_UIApplicationSupportsIndirectInputEvents = YES;
				INFOPLIST_KEY_UILaunchScreen_Generation = YES;
				INFOPLIST_KEY_UISupportedInterfaceOrientations_iPad = "UIInterfaceOrientationPortrait UIInterfaceOrientationPortraitUpsideDown UIInterfaceOrientationLandscapeLeft UIInterfaceOrientationLandscapeRight";
				INFOPLIST_KEY_UISupportedInterfaceOrientations_iPhone = "UIInterfaceOrientationPortrait UIInterfaceOrientationLandscapeLeft UIInterfaceOrientationLandscapeRight";
				IPHONEOS_DEPLOYMENT_TARGET = 17.0;
				LD_RUNPATH_SEARCH_PATHS = (
					"$(inherited)",
					"@executable_path/Frameworks",
				);
				MARKETING_VERSION = 1.0;
				PRODUCT_BUNDLE_IDENTIFIER = "com.fetch.Fetch-Recipe";
				PRODUCT_NAME = "$(TARGET_NAME)";
				SWIFT_EMIT_LOC_STRINGS = YES;
				SWIFT_VERSION = 6.0;
				TARGETED_DEVICE_FAMILY = "1,2";
			};
			name = Debug;
		};
		CF97A1482D80FFD60085FB59 /* Release */ = {
			isa = XCBuildConfiguration;
			buildSettings = {
				ASSETCATALOG_COMPILER_APPICON_NAME = AppIcon;
				ASSETCATALOG_COMPILER_GLOBAL_ACCENT_COLOR_NAME = AccentColor;
				CODE_SIGN_STYLE = Automatic;
				CURRENT_PROJECT_VERSION = 1;
				DEVELOPMENT_ASSET_PATHS = "\"Fetch-Recipe/Preview Content\"";
				DEVELOPMENT_TEAM = 626UL8K6Z5;
				ENABLE_PREVIEWS = YES;
				GENERATE_INFOPLIST_FILE = YES;
				INFOPLIST_FILE = "Fetch-Recipe/Info.plist";
				INFOPLIST_KEY_UIApplicationSceneManifest_Generation = YES;
				INFOPLIST_KEY_UIApplicationSupportsIndirectInputEvents = YES;
				INFOPLIST_KEY_UILaunchScreen_Generation = YES;
				INFOPLIST_KEY_UISupportedInterfaceOrientations_iPad = "UIInterfaceOrientationPortrait UIInterfaceOrientationPortraitUpsideDown UIInterfaceOrientationLandscapeLeft UIInterfaceOrientationLandscapeRight";
				INFOPLIST_KEY_UISupportedInterfaceOrientations_iPhone = "UIInterfaceOrientationPortrait UIInterfaceOrientationLandscapeLeft UIInterfaceOrientationLandscapeRight";
				IPHONEOS_DEPLOYMENT_TARGET = 17.0;
				LD_RUNPATH_SEARCH_PATHS = (
					"$(inherited)",
					"@executable_path/Frameworks",
				);
				MARKETING_VERSION = 1.0;
				PRODUCT_BUNDLE_IDENTIFIER = "com.fetch.Fetch-Recipe";
				PRODUCT_NAME = "$(TARGET_NAME)";
				SWIFT_EMIT_LOC_STRINGS = YES;
				SWIFT_VERSION = 6.0;
				TARGETED_DEVICE_FAMILY = "1,2";
			};
			name = Release;
		};
		CF97A14A2D80FFD60085FB59 /* Debug */ = {
			isa = XCBuildConfiguration;
			buildSettings = {
				BUNDLE_LOADER = "$(TEST_HOST)";
				CODE_SIGN_STYLE = Automatic;
				CURRENT_PROJECT_VERSION = 1;
				DEVELOPMENT_TEAM = 626UL8K6Z5;
				GENERATE_INFOPLIST_FILE = YES;
				IPHONEOS_DEPLOYMENT_TARGET = 18.0;
				MARKETING_VERSION = 1.0;
				PRODUCT_BUNDLE_IDENTIFIER = "com.fetch.Fetch-RecipeTests";
				PRODUCT_NAME = "$(TARGET_NAME)";
				SWIFT_EMIT_LOC_STRINGS = NO;
				SWIFT_VERSION = 5.0;
				TARGETED_DEVICE_FAMILY = "1,2";
				TEST_HOST = "$(BUILT_PRODUCTS_DIR)/Fetch-Recipe.app/$(BUNDLE_EXECUTABLE_FOLDER_PATH)/Fetch-Recipe";
			};
			name = Debug;
		};
		CF97A14B2D80FFD60085FB59 /* Release */ = {
			isa = XCBuildConfiguration;
			buildSettings = {
				BUNDLE_LOADER = "$(TEST_HOST)";
				CODE_SIGN_STYLE = Automatic;
				CURRENT_PROJECT_VERSION = 1;
				DEVELOPMENT_TEAM = 626UL8K6Z5;
				GENERATE_INFOPLIST_FILE = YES;
				IPHONEOS_DEPLOYMENT_TARGET = 18.0;
				MARKETING_VERSION = 1.0;
				PRODUCT_BUNDLE_IDENTIFIER = "com.fetch.Fetch-RecipeTests";
				PRODUCT_NAME = "$(TARGET_NAME)";
				SWIFT_EMIT_LOC_STRINGS = NO;
				SWIFT_VERSION = 5.0;
				TARGETED_DEVICE_FAMILY = "1,2";
				TEST_HOST = "$(BUILT_PRODUCTS_DIR)/Fetch-Recipe.app/$(BUNDLE_EXECUTABLE_FOLDER_PATH)/Fetch-Recipe";
			};
			name = Release;
		};
		CF97A14D2D80FFD60085FB59 /* Debug */ = {
			isa = XCBuildConfiguration;
			buildSettings = {
				CODE_SIGN_STYLE = Automatic;
				CURRENT_PROJECT_VERSION = 1;
				DEVELOPMENT_TEAM = 626UL8K6Z5;
				GENERATE_INFOPLIST_FILE = YES;
				MARKETING_VERSION = 1.0;
				PRODUCT_BUNDLE_IDENTIFIER = "com.fetch.Fetch-RecipeUITests";
				PRODUCT_NAME = "$(TARGET_NAME)";
				SWIFT_EMIT_LOC_STRINGS = NO;
				SWIFT_VERSION = 5.0;
				TARGETED_DEVICE_FAMILY = "1,2";
				TEST_TARGET_NAME = "Fetch-Recipe";
			};
			name = Debug;
		};
		CF97A14E2D80FFD60085FB59 /* Release */ = {
			isa = XCBuildConfiguration;
			buildSettings = {
				CODE_SIGN_STYLE = Automatic;
				CURRENT_PROJECT_VERSION = 1;
				DEVELOPMENT_TEAM = 626UL8K6Z5;
				GENERATE_INFOPLIST_FILE = YES;
				MARKETING_VERSION = 1.0;
				PRODUCT_BUNDLE_IDENTIFIER = "com.fetch.Fetch-RecipeUITests";
				PRODUCT_NAME = "$(TARGET_NAME)";
				SWIFT_EMIT_LOC_STRINGS = NO;
				SWIFT_VERSION = 5.0;
				TARGETED_DEVICE_FAMILY = "1,2";
				TEST_TARGET_NAME = "Fetch-Recipe";
			};
			name = Release;
		};
/* End XCBuildConfiguration section */

/* Begin XCConfigurationList section */
		CF97A11D2D80FFD50085FB59 /* Build configuration list for PBXProject "Fetch-Recipe" */ = {
			isa = XCConfigurationList;
			buildConfigurations = (
				CF97A1442D80FFD60085FB59 /* Debug */,
				CF97A1452D80FFD60085FB59 /* Release */,
			);
			defaultConfigurationIsVisible = 0;
			defaultConfigurationName = Release;
		};
		CF97A1462D80FFD60085FB59 /* Build configuration list for PBXNativeTarget "Fetch-Recipe" */ = {
			isa = XCConfigurationList;
			buildConfigurations = (
				CF97A1472D80FFD60085FB59 /* Debug */,
				CF97A1482D80FFD60085FB59 /* Release */,
			);
			defaultConfigurationIsVisible = 0;
			defaultConfigurationName = Release;
		};
		CF97A1492D80FFD60085FB59 /* Build configuration list for PBXNativeTarget "Fetch-RecipeTests" */ = {
			isa = XCConfigurationList;
			buildConfigurations = (
				CF97A14A2D80FFD60085FB59 /* Debug */,
				CF97A14B2D80FFD60085FB59 /* Release */,
			);
			defaultConfigurationIsVisible = 0;
			defaultConfigurationName = Release;
		};
		CF97A14C2D80FFD60085FB59 /* Build configuration list for PBXNativeTarget "Fetch-RecipeUITests" */ = {
			isa = XCConfigurationList;
			buildConfigurations = (
				CF97A14D2D80FFD60085FB59 /* Debug */,
				CF97A14E2D80FFD60085FB59 /* Release */,
			);
			defaultConfigurationIsVisible = 0;
			defaultConfigurationName = Release;
		};
/* End XCConfigurationList section */
	};
	rootObject = CF97A11A2D80FFD50085FB59 /* Project object */;
}
